// !$*UTF8*$!
{
	archiveVersion = 1;
	classes = {
	};
	objectVersion = 51;
	objects = {

/* Begin PBXBuildFile section */
		3B30F9E8F1D75111630F6277 /* Pods_M_K_P_D_Mandawala_COBSCCOMP181P029Tests.framework in Frameworks */ = {isa = PBXBuildFile; fileRef = 5DC0DA03847C8ACE238655CF /* Pods_M_K_P_D_Mandawala_COBSCCOMP181P029Tests.framework */; };
		5DD93489D99F10B22F7C1692 /* Pods_M_K_P_D_Mandawala_COBSCCOMP181P029_M_K_P_D_Mandawala_COBSCCOMP181P029UITests.framework in Frameworks */ = {isa = PBXBuildFile; fileRef = F61493C86060391C7A0D4351 /* Pods_M_K_P_D_Mandawala_COBSCCOMP181P029_M_K_P_D_Mandawala_COBSCCOMP181P029UITests.framework */; };
		6E65247CBA66036B5F0DC9E4 /* Pods_M_K_P_D_Mandawala_COBSCCOMP181P029.framework in Frameworks */ = {isa = PBXBuildFile; fileRef = 88B466ADB7EC8FA40EF5A6B9 /* Pods_M_K_P_D_Mandawala_COBSCCOMP181P029.framework */; };
		FD375C6C23712B15000194FC /* AppDelegate.swift in Sources */ = {isa = PBXBuildFile; fileRef = FD375C6B23712B15000194FC /* AppDelegate.swift */; };
		FD375C6E23712B15000194FC /* ViewController.swift in Sources */ = {isa = PBXBuildFile; fileRef = FD375C6D23712B15000194FC /* ViewController.swift */; };
		FD375C7123712B15000194FC /* Main.storyboard in Resources */ = {isa = PBXBuildFile; fileRef = FD375C6F23712B15000194FC /* Main.storyboard */; };
		FD375C7423712B15000194FC /* M_K_P_D_Mandawala_COBSCCOMP181P029.xcdatamodeld in Sources */ = {isa = PBXBuildFile; fileRef = FD375C7223712B15000194FC /* M_K_P_D_Mandawala_COBSCCOMP181P029.xcdatamodeld */; };
		FD375C7623712B16000194FC /* Assets.xcassets in Resources */ = {isa = PBXBuildFile; fileRef = FD375C7523712B16000194FC /* Assets.xcassets */; };
		FD375C7923712B16000194FC /* LaunchScreen.storyboard in Resources */ = {isa = PBXBuildFile; fileRef = FD375C7723712B16000194FC /* LaunchScreen.storyboard */; };
		FD375C8423712B16000194FC /* M_K_P_D_Mandawala_COBSCCOMP181P029Tests.swift in Sources */ = {isa = PBXBuildFile; fileRef = FD375C8323712B16000194FC /* M_K_P_D_Mandawala_COBSCCOMP181P029Tests.swift */; };
		FD375C8F23712B16000194FC /* M_K_P_D_Mandawala_COBSCCOMP181P029UITests.swift in Sources */ = {isa = PBXBuildFile; fileRef = FD375C8E23712B16000194FC /* M_K_P_D_Mandawala_COBSCCOMP181P029UITests.swift */; };
		FD4FE6612382485000793A7F /* logo.png in Resources */ = {isa = PBXBuildFile; fileRef = FD4FE6602382484F00793A7F /* logo.png */; };
		FD72878F238305ED001AA5DF /* LoginViewController.swift in Sources */ = {isa = PBXBuildFile; fileRef = FD72878E238305ED001AA5DF /* LoginViewController.swift */; };
		FD7287912383064C001AA5DF /* HomeViewController.swift in Sources */ = {isa = PBXBuildFile; fileRef = FD7287902383064C001AA5DF /* HomeViewController.swift */; };
		FD72879423830CC8001AA5DF /* SignUpViewController.swift in Sources */ = {isa = PBXBuildFile; fileRef = FD72879323830CC8001AA5DF /* SignUpViewController.swift */; };
		FD7EE86C23845ADE00978D77 /* GoogleService-Info.plist in Resources */ = {isa = PBXBuildFile; fileRef = FD7EE86B23845ADE00978D77 /* GoogleService-Info.plist */; };
		FD7EE86E2384732700978D77 /* Constants.swift in Sources */ = {isa = PBXBuildFile; fileRef = FD7EE86D2384732700978D77 /* Constants.swift */; };
/* End PBXBuildFile section */

/* Begin PBXContainerItemProxy section */
		FD375C8023712B16000194FC /* PBXContainerItemProxy */ = {
			isa = PBXContainerItemProxy;
			containerPortal = FD375C6023712B15000194FC /* Project object */;
			proxyType = 1;
			remoteGlobalIDString = FD375C6723712B15000194FC;
			remoteInfo = "M.K.P.D-Mandawala-COBSCCOMP181P029";
		};
		FD375C8B23712B16000194FC /* PBXContainerItemProxy */ = {
			isa = PBXContainerItemProxy;
			containerPortal = FD375C6023712B15000194FC /* Project object */;
			proxyType = 1;
			remoteGlobalIDString = FD375C6723712B15000194FC;
			remoteInfo = "M.K.P.D-Mandawala-COBSCCOMP181P029";
		};
/* End PBXContainerItemProxy section */

/* Begin PBXFileReference section */
		09C6CE19C91B0C7989D2C665 /* Pods-M.K.P.D-Mandawala-COBSCCOMP181P029.release.xcconfig */ = {isa = PBXFileReference; includeInIndex = 1; lastKnownFileType = text.xcconfig; name = "Pods-M.K.P.D-Mandawala-COBSCCOMP181P029.release.xcconfig"; path = "Target Support Files/Pods-M.K.P.D-Mandawala-COBSCCOMP181P029/Pods-M.K.P.D-Mandawala-COBSCCOMP181P029.release.xcconfig"; sourceTree = "<group>"; };
		5DC0DA03847C8ACE238655CF /* Pods_M_K_P_D_Mandawala_COBSCCOMP181P029Tests.framework */ = {isa = PBXFileReference; explicitFileType = wrapper.framework; includeInIndex = 0; path = Pods_M_K_P_D_Mandawala_COBSCCOMP181P029Tests.framework; sourceTree = BUILT_PRODUCTS_DIR; };
		71DEBBFE53D19CE4B9C2A395 /* Pods-M.K.P.D-Mandawala-COBSCCOMP181P029Tests.release.xcconfig */ = {isa = PBXFileReference; includeInIndex = 1; lastKnownFileType = text.xcconfig; name = "Pods-M.K.P.D-Mandawala-COBSCCOMP181P029Tests.release.xcconfig"; path = "Target Support Files/Pods-M.K.P.D-Mandawala-COBSCCOMP181P029Tests/Pods-M.K.P.D-Mandawala-COBSCCOMP181P029Tests.release.xcconfig"; sourceTree = "<group>"; };
		761B1D1CB1AFC2D58FC9D432 /* Pods-M.K.P.D-Mandawala-COBSCCOMP181P029Tests.debug.xcconfig */ = {isa = PBXFileReference; includeInIndex = 1; lastKnownFileType = text.xcconfig; name = "Pods-M.K.P.D-Mandawala-COBSCCOMP181P029Tests.debug.xcconfig"; path = "Target Support Files/Pods-M.K.P.D-Mandawala-COBSCCOMP181P029Tests/Pods-M.K.P.D-Mandawala-COBSCCOMP181P029Tests.debug.xcconfig"; sourceTree = "<group>"; };
		88B466ADB7EC8FA40EF5A6B9 /* Pods_M_K_P_D_Mandawala_COBSCCOMP181P029.framework */ = {isa = PBXFileReference; explicitFileType = wrapper.framework; includeInIndex = 0; path = Pods_M_K_P_D_Mandawala_COBSCCOMP181P029.framework; sourceTree = BUILT_PRODUCTS_DIR; };
		A0FA949ABE38CF3D31F176B3 /* Pods-M.K.P.D-Mandawala-COBSCCOMP181P029-M.K.P.D-Mandawala-COBSCCOMP181P029UITests.release.xcconfig */ = {isa = PBXFileReference; includeInIndex = 1; lastKnownFileType = text.xcconfig; name = "Pods-M.K.P.D-Mandawala-COBSCCOMP181P029-M.K.P.D-Mandawala-COBSCCOMP181P029UITests.release.xcconfig"; path = "Target Support Files/Pods-M.K.P.D-Mandawala-COBSCCOMP181P029-M.K.P.D-Mandawala-COBSCCOMP181P029UITests/Pods-M.K.P.D-Mandawala-COBSCCOMP181P029-M.K.P.D-Mandawala-COBSCCOMP181P029UITests.release.xcconfig"; sourceTree = "<group>"; };
		B2593AD8825134F1F823BCC0 /* Pods-M.K.P.D-Mandawala-COBSCCOMP181P029.debug.xcconfig */ = {isa = PBXFileReference; includeInIndex = 1; lastKnownFileType = text.xcconfig; name = "Pods-M.K.P.D-Mandawala-COBSCCOMP181P029.debug.xcconfig"; path = "Target Support Files/Pods-M.K.P.D-Mandawala-COBSCCOMP181P029/Pods-M.K.P.D-Mandawala-COBSCCOMP181P029.debug.xcconfig"; sourceTree = "<group>"; };
		DA8522DBE9F52BE012067BF4 /* Pods-M.K.P.D-Mandawala-COBSCCOMP181P029-M.K.P.D-Mandawala-COBSCCOMP181P029UITests.debug.xcconfig */ = {isa = PBXFileReference; includeInIndex = 1; lastKnownFileType = text.xcconfig; name = "Pods-M.K.P.D-Mandawala-COBSCCOMP181P029-M.K.P.D-Mandawala-COBSCCOMP181P029UITests.debug.xcconfig"; path = "Target Support Files/Pods-M.K.P.D-Mandawala-COBSCCOMP181P029-M.K.P.D-Mandawala-COBSCCOMP181P029UITests/Pods-M.K.P.D-Mandawala-COBSCCOMP181P029-M.K.P.D-Mandawala-COBSCCOMP181P029UITests.debug.xcconfig"; sourceTree = "<group>"; };
		F61493C86060391C7A0D4351 /* Pods_M_K_P_D_Mandawala_COBSCCOMP181P029_M_K_P_D_Mandawala_COBSCCOMP181P029UITests.framework */ = {isa = PBXFileReference; explicitFileType = wrapper.framework; includeInIndex = 0; path = Pods_M_K_P_D_Mandawala_COBSCCOMP181P029_M_K_P_D_Mandawala_COBSCCOMP181P029UITests.framework; sourceTree = BUILT_PRODUCTS_DIR; };
		FD375C6823712B15000194FC /* M.K.P.D-Mandawala-COBSCCOMP181P029.app */ = {isa = PBXFileReference; explicitFileType = wrapper.application; includeInIndex = 0; path = "M.K.P.D-Mandawala-COBSCCOMP181P029.app"; sourceTree = BUILT_PRODUCTS_DIR; };
		FD375C6B23712B15000194FC /* AppDelegate.swift */ = {isa = PBXFileReference; lastKnownFileType = sourcecode.swift; path = AppDelegate.swift; sourceTree = "<group>"; };
		FD375C6D23712B15000194FC /* ViewController.swift */ = {isa = PBXFileReference; lastKnownFileType = sourcecode.swift; path = ViewController.swift; sourceTree = "<group>"; };
		FD375C7023712B15000194FC /* Base */ = {isa = PBXFileReference; lastKnownFileType = file.storyboard; name = Base; path = Base.lproj/Main.storyboard; sourceTree = "<group>"; };
		FD375C7323712B15000194FC /* M_K_P_D_Mandawala_COBSCCOMP181P029.xcdatamodel */ = {isa = PBXFileReference; lastKnownFileType = wrapper.xcdatamodel; path = M_K_P_D_Mandawala_COBSCCOMP181P029.xcdatamodel; sourceTree = "<group>"; };
		FD375C7523712B16000194FC /* Assets.xcassets */ = {isa = PBXFileReference; lastKnownFileType = folder.assetcatalog; path = Assets.xcassets; sourceTree = "<group>"; };
		FD375C7823712B16000194FC /* Base */ = {isa = PBXFileReference; lastKnownFileType = file.storyboard; name = Base; path = Base.lproj/LaunchScreen.storyboard; sourceTree = "<group>"; };
		FD375C7A23712B16000194FC /* Info.plist */ = {isa = PBXFileReference; lastKnownFileType = text.plist.xml; path = Info.plist; sourceTree = "<group>"; };
		FD375C7F23712B16000194FC /* M.K.P.D-Mandawala-COBSCCOMP181P029Tests.xctest */ = {isa = PBXFileReference; explicitFileType = wrapper.cfbundle; includeInIndex = 0; path = "M.K.P.D-Mandawala-COBSCCOMP181P029Tests.xctest"; sourceTree = BUILT_PRODUCTS_DIR; };
		FD375C8323712B16000194FC /* M_K_P_D_Mandawala_COBSCCOMP181P029Tests.swift */ = {isa = PBXFileReference; lastKnownFileType = sourcecode.swift; path = M_K_P_D_Mandawala_COBSCCOMP181P029Tests.swift; sourceTree = "<group>"; };
		FD375C8523712B16000194FC /* Info.plist */ = {isa = PBXFileReference; lastKnownFileType = text.plist.xml; path = Info.plist; sourceTree = "<group>"; };
		FD375C8A23712B16000194FC /* M.K.P.D-Mandawala-COBSCCOMP181P029UITests.xctest */ = {isa = PBXFileReference; explicitFileType = wrapper.cfbundle; includeInIndex = 0; path = "M.K.P.D-Mandawala-COBSCCOMP181P029UITests.xctest"; sourceTree = BUILT_PRODUCTS_DIR; };
		FD375C8E23712B16000194FC /* M_K_P_D_Mandawala_COBSCCOMP181P029UITests.swift */ = {isa = PBXFileReference; lastKnownFileType = sourcecode.swift; path = M_K_P_D_Mandawala_COBSCCOMP181P029UITests.swift; sourceTree = "<group>"; };
		FD375C9023712B16000194FC /* Info.plist */ = {isa = PBXFileReference; lastKnownFileType = text.plist.xml; path = Info.plist; sourceTree = "<group>"; };
		FD4FE6602382484F00793A7F /* logo.png */ = {isa = PBXFileReference; lastKnownFileType = image.png; path = logo.png; sourceTree = "<group>"; };
		FD72878E238305ED001AA5DF /* LoginViewController.swift */ = {isa = PBXFileReference; lastKnownFileType = sourcecode.swift; path = LoginViewController.swift; sourceTree = "<group>"; };
		FD7287902383064C001AA5DF /* HomeViewController.swift */ = {isa = PBXFileReference; lastKnownFileType = sourcecode.swift; path = HomeViewController.swift; sourceTree = "<group>"; };
		FD72879323830CC8001AA5DF /* SignUpViewController.swift */ = {isa = PBXFileReference; lastKnownFileType = sourcecode.swift; path = SignUpViewController.swift; sourceTree = "<group>"; };
		FD7EE86B23845ADE00978D77 /* GoogleService-Info.plist */ = {isa = PBXFileReference; fileEncoding = 4; lastKnownFileType = text.plist.xml; path = "GoogleService-Info.plist"; sourceTree = "<group>"; };
		FD7EE86D2384732700978D77 /* Constants.swift */ = {isa = PBXFileReference; lastKnownFileType = sourcecode.swift; path = Constants.swift; sourceTree = "<group>"; };
/* End PBXFileReference section */

/* Begin PBXFrameworksBuildPhase section */
		FD375C6523712B15000194FC /* Frameworks */ = {
			isa = PBXFrameworksBuildPhase;
			buildActionMask = 2147483647;
			files = (
				6E65247CBA66036B5F0DC9E4 /* Pods_M_K_P_D_Mandawala_COBSCCOMP181P029.framework in Frameworks */,
			);
			runOnlyForDeploymentPostprocessing = 0;
		};
		FD375C7C23712B16000194FC /* Frameworks */ = {
			isa = PBXFrameworksBuildPhase;
			buildActionMask = 2147483647;
			files = (
				3B30F9E8F1D75111630F6277 /* Pods_M_K_P_D_Mandawala_COBSCCOMP181P029Tests.framework in Frameworks */,
			);
			runOnlyForDeploymentPostprocessing = 0;
		};
		FD375C8723712B16000194FC /* Frameworks */ = {
			isa = PBXFrameworksBuildPhase;
			buildActionMask = 2147483647;
			files = (
				5DD93489D99F10B22F7C1692 /* Pods_M_K_P_D_Mandawala_COBSCCOMP181P029_M_K_P_D_Mandawala_COBSCCOMP181P029UITests.framework in Frameworks */,
			);
			runOnlyForDeploymentPostprocessing = 0;
		};
/* End PBXFrameworksBuildPhase section */

/* Begin PBXGroup section */
		143484093A4777494B0FD704 /* Frameworks */ = {
			isa = PBXGroup;
			children = (
				88B466ADB7EC8FA40EF5A6B9 /* Pods_M_K_P_D_Mandawala_COBSCCOMP181P029.framework */,
				F61493C86060391C7A0D4351 /* Pods_M_K_P_D_Mandawala_COBSCCOMP181P029_M_K_P_D_Mandawala_COBSCCOMP181P029UITests.framework */,
				5DC0DA03847C8ACE238655CF /* Pods_M_K_P_D_Mandawala_COBSCCOMP181P029Tests.framework */,
			);
			name = Frameworks;
			sourceTree = "<group>";
		};
		8FA83FCED7980AFC9AD0EBA8 /* Pods */ = {
			isa = PBXGroup;
			children = (
				B2593AD8825134F1F823BCC0 /* Pods-M.K.P.D-Mandawala-COBSCCOMP181P029.debug.xcconfig */,
				09C6CE19C91B0C7989D2C665 /* Pods-M.K.P.D-Mandawala-COBSCCOMP181P029.release.xcconfig */,
				DA8522DBE9F52BE012067BF4 /* Pods-M.K.P.D-Mandawala-COBSCCOMP181P029-M.K.P.D-Mandawala-COBSCCOMP181P029UITests.debug.xcconfig */,
				A0FA949ABE38CF3D31F176B3 /* Pods-M.K.P.D-Mandawala-COBSCCOMP181P029-M.K.P.D-Mandawala-COBSCCOMP181P029UITests.release.xcconfig */,
				761B1D1CB1AFC2D58FC9D432 /* Pods-M.K.P.D-Mandawala-COBSCCOMP181P029Tests.debug.xcconfig */,
				71DEBBFE53D19CE4B9C2A395 /* Pods-M.K.P.D-Mandawala-COBSCCOMP181P029Tests.release.xcconfig */,
			);
			path = Pods;
			sourceTree = "<group>";
		};
		FD375C5F23712B15000194FC = {
			isa = PBXGroup;
			children = (
				FD375C6A23712B15000194FC /* M.K.P.D-Mandawala-COBSCCOMP181P029 */,
				FD375C8223712B16000194FC /* M.K.P.D-Mandawala-COBSCCOMP181P029Tests */,
				FD375C8D23712B16000194FC /* M.K.P.D-Mandawala-COBSCCOMP181P029UITests */,
				FD375C6923712B15000194FC /* Products */,
				8FA83FCED7980AFC9AD0EBA8 /* Pods */,
				143484093A4777494B0FD704 /* Frameworks */,
			);
			sourceTree = "<group>";
		};
		FD375C6923712B15000194FC /* Products */ = {
			isa = PBXGroup;
			children = (
				FD375C6823712B15000194FC /* M.K.P.D-Mandawala-COBSCCOMP181P029.app */,
				FD375C7F23712B16000194FC /* M.K.P.D-Mandawala-COBSCCOMP181P029Tests.xctest */,
				FD375C8A23712B16000194FC /* M.K.P.D-Mandawala-COBSCCOMP181P029UITests.xctest */,
			);
			name = Products;
			sourceTree = "<group>";
		};
		FD375C6A23712B15000194FC /* M.K.P.D-Mandawala-COBSCCOMP181P029 */ = {
			isa = PBXGroup;
			children = (
				FD7EE86A23844A9700978D77 /* Helpers */,
				FD375C6B23712B15000194FC /* AppDelegate.swift */,
				FD72879223830686001AA5DF /* View Controllers */,
				FD375C6F23712B15000194FC /* Main.storyboard */,
				FD375C7523712B16000194FC /* Assets.xcassets */,
				FD375C7723712B16000194FC /* LaunchScreen.storyboard */,
				FD7EE86B23845ADE00978D77 /* GoogleService-Info.plist */,
				FD375C7A23712B16000194FC /* Info.plist */,
				FD4FE6602382484F00793A7F /* logo.png */,
				FD375C7223712B15000194FC /* M_K_P_D_Mandawala_COBSCCOMP181P029.xcdatamodeld */,
			);
			path = "M.K.P.D-Mandawala-COBSCCOMP181P029";
			sourceTree = "<group>";
		};
		FD375C8223712B16000194FC /* M.K.P.D-Mandawala-COBSCCOMP181P029Tests */ = {
			isa = PBXGroup;
			children = (
				FD375C8323712B16000194FC /* M_K_P_D_Mandawala_COBSCCOMP181P029Tests.swift */,
				FD375C8523712B16000194FC /* Info.plist */,
			);
			path = "M.K.P.D-Mandawala-COBSCCOMP181P029Tests";
			sourceTree = "<group>";
		};
		FD375C8D23712B16000194FC /* M.K.P.D-Mandawala-COBSCCOMP181P029UITests */ = {
			isa = PBXGroup;
			children = (
				FD375C8E23712B16000194FC /* M_K_P_D_Mandawala_COBSCCOMP181P029UITests.swift */,
				FD375C9023712B16000194FC /* Info.plist */,
			);
			path = "M.K.P.D-Mandawala-COBSCCOMP181P029UITests";
			sourceTree = "<group>";
		};
		FD72879223830686001AA5DF /* View Controllers */ = {
			isa = PBXGroup;
			children = (
				FD375C6D23712B15000194FC /* ViewController.swift */,
				FD72878E238305ED001AA5DF /* LoginViewController.swift */,
				FD7287902383064C001AA5DF /* HomeViewController.swift */,
				FD72879323830CC8001AA5DF /* SignUpViewController.swift */,
			);
			path = "View Controllers";
			sourceTree = "<group>";
		};
		FD7EE86A23844A9700978D77 /* Helpers */ = {
			isa = PBXGroup;
			children = (
				FD7EE86D2384732700978D77 /* Constants.swift */,
			);
			path = Helpers;
			sourceTree = "<group>";
		};
/* End PBXGroup section */

/* Begin PBXNativeTarget section */
		FD375C6723712B15000194FC /* M.K.P.D-Mandawala-COBSCCOMP181P029 */ = {
			isa = PBXNativeTarget;
			buildConfigurationList = FD375C9323712B16000194FC /* Build configuration list for PBXNativeTarget "M.K.P.D-Mandawala-COBSCCOMP181P029" */;
			buildPhases = (
				0F0049F79F680F79A649C9D0 /* [CP] Check Pods Manifest.lock */,
				FD375C6423712B15000194FC /* Sources */,
				FD375C6523712B15000194FC /* Frameworks */,
				FD375C6623712B15000194FC /* Resources */,
				7FC22C2F6767AD12DDFC1791 /* [CP] Embed Pods Frameworks */,
			);
			buildRules = (
			);
			dependencies = (
			);
			name = "M.K.P.D-Mandawala-COBSCCOMP181P029";
			productName = "M.K.P.D-Mandawala-COBSCCOMP181P029";
			productReference = FD375C6823712B15000194FC /* M.K.P.D-Mandawala-COBSCCOMP181P029.app */;
			productType = "com.apple.product-type.application";
		};
		FD375C7E23712B16000194FC /* M.K.P.D-Mandawala-COBSCCOMP181P029Tests */ = {
			isa = PBXNativeTarget;
			buildConfigurationList = FD375C9623712B16000194FC /* Build configuration list for PBXNativeTarget "M.K.P.D-Mandawala-COBSCCOMP181P029Tests" */;
			buildPhases = (
				C80F61975A9B3E8E5FD813C3 /* [CP] Check Pods Manifest.lock */,
				FD375C7B23712B16000194FC /* Sources */,
				FD375C7C23712B16000194FC /* Frameworks */,
				FD375C7D23712B16000194FC /* Resources */,
			);
			buildRules = (
			);
			dependencies = (
				FD375C8123712B16000194FC /* PBXTargetDependency */,
			);
			name = "M.K.P.D-Mandawala-COBSCCOMP181P029Tests";
			productName = "M.K.P.D-Mandawala-COBSCCOMP181P029Tests";
			productReference = FD375C7F23712B16000194FC /* M.K.P.D-Mandawala-COBSCCOMP181P029Tests.xctest */;
			productType = "com.apple.product-type.bundle.unit-test";
		};
		FD375C8923712B16000194FC /* M.K.P.D-Mandawala-COBSCCOMP181P029UITests */ = {
			isa = PBXNativeTarget;
			buildConfigurationList = FD375C9923712B16000194FC /* Build configuration list for PBXNativeTarget "M.K.P.D-Mandawala-COBSCCOMP181P029UITests" */;
			buildPhases = (
				47113A7283029DE2839B907B /* [CP] Check Pods Manifest.lock */,
				FD375C8623712B16000194FC /* Sources */,
				FD375C8723712B16000194FC /* Frameworks */,
				FD375C8823712B16000194FC /* Resources */,
				FCC6910380FAC577E2D3684B /* [CP] Embed Pods Frameworks */,
			);
			buildRules = (
			);
			dependencies = (
				FD375C8C23712B16000194FC /* PBXTargetDependency */,
			);
			name = "M.K.P.D-Mandawala-COBSCCOMP181P029UITests";
			productName = "M.K.P.D-Mandawala-COBSCCOMP181P029UITests";
			productReference = FD375C8A23712B16000194FC /* M.K.P.D-Mandawala-COBSCCOMP181P029UITests.xctest */;
			productType = "com.apple.product-type.bundle.ui-testing";
		};
/* End PBXNativeTarget section */

/* Begin PBXProject section */
		FD375C6023712B15000194FC /* Project object */ = {
			isa = PBXProject;
			attributes = {
				LastSwiftUpdateCheck = 1030;
				LastUpgradeCheck = 1030;
				ORGANIZATIONNAME = "Pandula Mandawala";
				TargetAttributes = {
					FD375C6723712B15000194FC = {
						CreatedOnToolsVersion = 10.3;
					};
					FD375C7E23712B16000194FC = {
						CreatedOnToolsVersion = 10.3;
						TestTargetID = FD375C6723712B15000194FC;
					};
					FD375C8923712B16000194FC = {
						CreatedOnToolsVersion = 10.3;
						TestTargetID = FD375C6723712B15000194FC;
					};
				};
			};
			buildConfigurationList = FD375C6323712B15000194FC /* Build configuration list for PBXProject "M.K.P.D-Mandawala-COBSCCOMP181P029" */;
			compatibilityVersion = "Xcode 9.3";
			developmentRegion = en;
			hasScannedForEncodings = 0;
			knownRegions = (
				en,
				Base,
			);
			mainGroup = FD375C5F23712B15000194FC;
			productRefGroup = FD375C6923712B15000194FC /* Products */;
			projectDirPath = "";
			projectRoot = "";
			targets = (
				FD375C6723712B15000194FC /* M.K.P.D-Mandawala-COBSCCOMP181P029 */,
				FD375C7E23712B16000194FC /* M.K.P.D-Mandawala-COBSCCOMP181P029Tests */,
				FD375C8923712B16000194FC /* M.K.P.D-Mandawala-COBSCCOMP181P029UITests */,
			);
		};
/* End PBXProject section */

/* Begin PBXResourcesBuildPhase section */
		FD375C6623712B15000194FC /* Resources */ = {
			isa = PBXResourcesBuildPhase;
			buildActionMask = 2147483647;
			files = (
				FD4FE6612382485000793A7F /* logo.png in Resources */,
				FD375C7923712B16000194FC /* LaunchScreen.storyboard in Resources */,
				FD7EE86C23845ADE00978D77 /* GoogleService-Info.plist in Resources */,
				FD375C7623712B16000194FC /* Assets.xcassets in Resources */,
				FD375C7123712B15000194FC /* Main.storyboard in Resources */,
			);
			runOnlyForDeploymentPostprocessing = 0;
		};
		FD375C7D23712B16000194FC /* Resources */ = {
			isa = PBXResourcesBuildPhase;
			buildActionMask = 2147483647;
			files = (
			);
			runOnlyForDeploymentPostprocessing = 0;
		};
		FD375C8823712B16000194FC /* Resources */ = {
			isa = PBXResourcesBuildPhase;
			buildActionMask = 2147483647;
			files = (
			);
			runOnlyForDeploymentPostprocessing = 0;
		};
/* End PBXResourcesBuildPhase section */

/* Begin PBXShellScriptBuildPhase section */
		0F0049F79F680F79A649C9D0 /* [CP] Check Pods Manifest.lock */ = {
			isa = PBXShellScriptBuildPhase;
			buildActionMask = 2147483647;
			files = (
			);
			inputFileListPaths = (
			);
			inputPaths = (
				"${PODS_PODFILE_DIR_PATH}/Podfile.lock",
				"${PODS_ROOT}/Manifest.lock",
			);
			name = "[CP] Check Pods Manifest.lock";
			outputFileListPaths = (
			);
			outputPaths = (
				"$(DERIVED_FILE_DIR)/Pods-M.K.P.D-Mandawala-COBSCCOMP181P029-checkManifestLockResult.txt",
			);
			runOnlyForDeploymentPostprocessing = 0;
			shellPath = /bin/sh;
			shellScript = "diff \"${PODS_PODFILE_DIR_PATH}/Podfile.lock\" \"${PODS_ROOT}/Manifest.lock\" > /dev/null\nif [ $? != 0 ] ; then\n    # print error to STDERR\n    echo \"error: The sandbox is not in sync with the Podfile.lock. Run 'pod install' or update your CocoaPods installation.\" >&2\n    exit 1\nfi\n# This output is used by Xcode 'outputs' to avoid re-running this script phase.\necho \"SUCCESS\" > \"${SCRIPT_OUTPUT_FILE_0}\"\n";
			showEnvVarsInLog = 0;
		};
		47113A7283029DE2839B907B /* [CP] Check Pods Manifest.lock */ = {
			isa = PBXShellScriptBuildPhase;
			buildActionMask = 2147483647;
			files = (
			);
			inputFileListPaths = (
			);
			inputPaths = (
				"${PODS_PODFILE_DIR_PATH}/Podfile.lock",
				"${PODS_ROOT}/Manifest.lock",
			);
			name = "[CP] Check Pods Manifest.lock";
			outputFileListPaths = (
			);
			outputPaths = (
				"$(DERIVED_FILE_DIR)/Pods-M.K.P.D-Mandawala-COBSCCOMP181P029-M.K.P.D-Mandawala-COBSCCOMP181P029UITests-checkManifestLockResult.txt",
			);
			runOnlyForDeploymentPostprocessing = 0;
			shellPath = /bin/sh;
			shellScript = "diff \"${PODS_PODFILE_DIR_PATH}/Podfile.lock\" \"${PODS_ROOT}/Manifest.lock\" > /dev/null\nif [ $? != 0 ] ; then\n    # print error to STDERR\n    echo \"error: The sandbox is not in sync with the Podfile.lock. Run 'pod install' or update your CocoaPods installation.\" >&2\n    exit 1\nfi\n# This output is used by Xcode 'outputs' to avoid re-running this script phase.\necho \"SUCCESS\" > \"${SCRIPT_OUTPUT_FILE_0}\"\n";
			showEnvVarsInLog = 0;
		};
		7FC22C2F6767AD12DDFC1791 /* [CP] Embed Pods Frameworks */ = {
			isa = PBXShellScriptBuildPhase;
			buildActionMask = 2147483647;
			files = (
			);
			inputFileListPaths = (
				"${PODS_ROOT}/Target Support Files/Pods-M.K.P.D-Mandawala-COBSCCOMP181P029/Pods-M.K.P.D-Mandawala-COBSCCOMP181P029-frameworks-${CONFIGURATION}-input-files.xcfilelist",
			);
			name = "[CP] Embed Pods Frameworks";
			outputFileListPaths = (
				"${PODS_ROOT}/Target Support Files/Pods-M.K.P.D-Mandawala-COBSCCOMP181P029/Pods-M.K.P.D-Mandawala-COBSCCOMP181P029-frameworks-${CONFIGURATION}-output-files.xcfilelist",
			);
			runOnlyForDeploymentPostprocessing = 0;
			shellPath = /bin/sh;
			shellScript = "\"${PODS_ROOT}/Target Support Files/Pods-M.K.P.D-Mandawala-COBSCCOMP181P029/Pods-M.K.P.D-Mandawala-COBSCCOMP181P029-frameworks.sh\"\n";
			showEnvVarsInLog = 0;
		};
		C80F61975A9B3E8E5FD813C3 /* [CP] Check Pods Manifest.lock */ = {
			isa = PBXShellScriptBuildPhase;
			buildActionMask = 2147483647;
			files = (
			);
			inputFileListPaths = (
			);
			inputPaths = (
				"${PODS_PODFILE_DIR_PATH}/Podfile.lock",
				"${PODS_ROOT}/Manifest.lock",
			);
			name = "[CP] Check Pods Manifest.lock";
			outputFileListPaths = (
			);
			outputPaths = (
				"$(DERIVED_FILE_DIR)/Pods-M.K.P.D-Mandawala-COBSCCOMP181P029Tests-checkManifestLockResult.txt",
			);
			runOnlyForDeploymentPostprocessing = 0;
			shellPath = /bin/sh;
			shellScript = "diff \"${PODS_PODFILE_DIR_PATH}/Podfile.lock\" \"${PODS_ROOT}/Manifest.lock\" > /dev/null\nif [ $? != 0 ] ; then\n    # print error to STDERR\n    echo \"error: The sandbox is not in sync with the Podfile.lock. Run 'pod install' or update your CocoaPods installation.\" >&2\n    exit 1\nfi\n# This output is used by Xcode 'outputs' to avoid re-running this script phase.\necho \"SUCCESS\" > \"${SCRIPT_OUTPUT_FILE_0}\"\n";
			showEnvVarsInLog = 0;
		};
		FCC6910380FAC577E2D3684B /* [CP] Embed Pods Frameworks */ = {
			isa = PBXShellScriptBuildPhase;
			buildActionMask = 2147483647;
			files = (
			);
			inputFileListPaths = (
				"${PODS_ROOT}/Target Support Files/Pods-M.K.P.D-Mandawala-COBSCCOMP181P029-M.K.P.D-Mandawala-COBSCCOMP181P029UITests/Pods-M.K.P.D-Mandawala-COBSCCOMP181P029-M.K.P.D-Mandawala-COBSCCOMP181P029UITests-frameworks-${CONFIGURATION}-input-files.xcfilelist",
			);
			name = "[CP] Embed Pods Frameworks";
			outputFileListPaths = (
				"${PODS_ROOT}/Target Support Files/Pods-M.K.P.D-Mandawala-COBSCCOMP181P029-M.K.P.D-Mandawala-COBSCCOMP181P029UITests/Pods-M.K.P.D-Mandawala-COBSCCOMP181P029-M.K.P.D-Mandawala-COBSCCOMP181P029UITests-frameworks-${CONFIGURATION}-output-files.xcfilelist",
			);
			runOnlyForDeploymentPostprocessing = 0;
			shellPath = /bin/sh;
			shellScript = "\"${PODS_ROOT}/Target Support Files/Pods-M.K.P.D-Mandawala-COBSCCOMP181P029-M.K.P.D-Mandawala-COBSCCOMP181P029UITests/Pods-M.K.P.D-Mandawala-COBSCCOMP181P029-M.K.P.D-Mandawala-COBSCCOMP181P029UITests-frameworks.sh\"\n";
			showEnvVarsInLog = 0;
		};
/* End PBXShellScriptBuildPhase section */

/* Begin PBXSourcesBuildPhase section */
		FD375C6423712B15000194FC /* Sources */ = {
			isa = PBXSourcesBuildPhase;
			buildActionMask = 2147483647;
			files = (
				FD72879423830CC8001AA5DF /* SignUpViewController.swift in Sources */,
				FD7287912383064C001AA5DF /* HomeViewController.swift in Sources */,
				FD72878F238305ED001AA5DF /* LoginViewController.swift in Sources */,
				FD375C6E23712B15000194FC /* ViewController.swift in Sources */,
				FD7EE86E2384732700978D77 /* Constants.swift in Sources */,
				FD375C6C23712B15000194FC /* AppDelegate.swift in Sources */,
				FD375C7423712B15000194FC /* M_K_P_D_Mandawala_COBSCCOMP181P029.xcdatamodeld in Sources */,
			);
			runOnlyForDeploymentPostprocessing = 0;
		};
		FD375C7B23712B16000194FC /* Sources */ = {
			isa = PBXSourcesBuildPhase;
			buildActionMask = 2147483647;
			files = (
				FD375C8423712B16000194FC /* M_K_P_D_Mandawala_COBSCCOMP181P029Tests.swift in Sources */,
			);
			runOnlyForDeploymentPostprocessing = 0;
		};
		FD375C8623712B16000194FC /* Sources */ = {
			isa = PBXSourcesBuildPhase;
			buildActionMask = 2147483647;
			files = (
				FD375C8F23712B16000194FC /* M_K_P_D_Mandawala_COBSCCOMP181P029UITests.swift in Sources */,
			);
			runOnlyForDeploymentPostprocessing = 0;
		};
/* End PBXSourcesBuildPhase section */

/* Begin PBXTargetDependency section */
		FD375C8123712B16000194FC /* PBXTargetDependency */ = {
			isa = PBXTargetDependency;
			target = FD375C6723712B15000194FC /* M.K.P.D-Mandawala-COBSCCOMP181P029 */;
			targetProxy = FD375C8023712B16000194FC /* PBXContainerItemProxy */;
		};
		FD375C8C23712B16000194FC /* PBXTargetDependency */ = {
			isa = PBXTargetDependency;
			target = FD375C6723712B15000194FC /* M.K.P.D-Mandawala-COBSCCOMP181P029 */;
			targetProxy = FD375C8B23712B16000194FC /* PBXContainerItemProxy */;
		};
/* End PBXTargetDependency section */

/* Begin PBXVariantGroup section */
		FD375C6F23712B15000194FC /* Main.storyboard */ = {
			isa = PBXVariantGroup;
			children = (
				FD375C7023712B15000194FC /* Base */,
			);
			name = Main.storyboard;
			sourceTree = "<group>";
		};
		FD375C7723712B16000194FC /* LaunchScreen.storyboard */ = {
			isa = PBXVariantGroup;
			children = (
				FD375C7823712B16000194FC /* Base */,
			);
			name = LaunchScreen.storyboard;
			sourceTree = "<group>";
		};
/* End PBXVariantGroup section */

/* Begin XCBuildConfiguration section */
		FD375C9123712B16000194FC /* Debug */ = {
			isa = XCBuildConfiguration;
			buildSettings = {
				ALWAYS_SEARCH_USER_PATHS = NO;
				CLANG_ANALYZER_NONNULL = YES;
				CLANG_ANALYZER_NUMBER_OBJECT_CONVERSION = YES_AGGRESSIVE;
				CLANG_CXX_LANGUAGE_STANDARD = "gnu++14";
				CLANG_CXX_LIBRARY = "libc++";
				CLANG_ENABLE_MODULES = YES;
				CLANG_ENABLE_OBJC_ARC = YES;
				CLANG_ENABLE_OBJC_WEAK = YES;
				CLANG_WARN_BLOCK_CAPTURE_AUTORELEASING = YES;
				CLANG_WARN_BOOL_CONVERSION = YES;
				CLANG_WARN_COMMA = YES;
				CLANG_WARN_CONSTANT_CONVERSION = YES;
				CLANG_WARN_DEPRECATED_OBJC_IMPLEMENTATIONS = YES;
				CLANG_WARN_DIRECT_OBJC_ISA_USAGE = YES_ERROR;
				CLANG_WARN_DOCUMENTATION_COMMENTS = YES;
				CLANG_WARN_EMPTY_BODY = YES;
				CLANG_WARN_ENUM_CONVERSION = YES;
				CLANG_WARN_INFINITE_RECURSION = YES;
				CLANG_WARN_INT_CONVERSION = YES;
				CLANG_WARN_NON_LITERAL_NULL_CONVERSION = YES;
				CLANG_WARN_OBJC_IMPLICIT_RETAIN_SELF = YES;
				CLANG_WARN_OBJC_LITERAL_CONVERSION = YES;
				CLANG_WARN_OBJC_ROOT_CLASS = YES_ERROR;
				CLANG_WARN_RANGE_LOOP_ANALYSIS = YES;
				CLANG_WARN_STRICT_PROTOTYPES = YES;
				CLANG_WARN_SUSPICIOUS_MOVE = YES;
				CLANG_WARN_UNGUARDED_AVAILABILITY = YES_AGGRESSIVE;
				CLANG_WARN_UNREACHABLE_CODE = YES;
				CLANG_WARN__DUPLICATE_METHOD_MATCH = YES;
				CODE_SIGN_IDENTITY = "iPhone Developer";
				COPY_PHASE_STRIP = NO;
				DEBUG_INFORMATION_FORMAT = dwarf;
				ENABLE_STRICT_OBJC_MSGSEND = YES;
				ENABLE_TESTABILITY = YES;
				GCC_C_LANGUAGE_STANDARD = gnu11;
				GCC_DYNAMIC_NO_PIC = NO;
				GCC_NO_COMMON_BLOCKS = YES;
				GCC_OPTIMIZATION_LEVEL = 0;
				GCC_PREPROCESSOR_DEFINITIONS = (
					"DEBUG=1",
					"$(inherited)",
				);
				GCC_WARN_64_TO_32_BIT_CONVERSION = YES;
				GCC_WARN_ABOUT_RETURN_TYPE = YES_ERROR;
				GCC_WARN_UNDECLARED_SELECTOR = YES;
				GCC_WARN_UNINITIALIZED_AUTOS = YES_AGGRESSIVE;
				GCC_WARN_UNUSED_FUNCTION = YES;
				GCC_WARN_UNUSED_VARIABLE = YES;
				IPHONEOS_DEPLOYMENT_TARGET = 12.4;
				MTL_ENABLE_DEBUG_INFO = INCLUDE_SOURCE;
				MTL_FAST_MATH = YES;
				ONLY_ACTIVE_ARCH = YES;
				SDKROOT = iphoneos;
				SWIFT_ACTIVE_COMPILATION_CONDITIONS = DEBUG;
				SWIFT_OPTIMIZATION_LEVEL = "-Onone";
			};
			name = Debug;
		};
		FD375C9223712B16000194FC /* Release */ = {
			isa = XCBuildConfiguration;
			buildSettings = {
				ALWAYS_SEARCH_USER_PATHS = NO;
				CLANG_ANALYZER_NONNULL = YES;
				CLANG_ANALYZER_NUMBER_OBJECT_CONVERSION = YES_AGGRESSIVE;
				CLANG_CXX_LANGUAGE_STANDARD = "gnu++14";
				CLANG_CXX_LIBRARY = "libc++";
				CLANG_ENABLE_MODULES = YES;
				CLANG_ENABLE_OBJC_ARC = YES;
				CLANG_ENABLE_OBJC_WEAK = YES;
				CLANG_WARN_BLOCK_CAPTURE_AUTORELEASING = YES;
				CLANG_WARN_BOOL_CONVERSION = YES;
				CLANG_WARN_COMMA = YES;
				CLANG_WARN_CONSTANT_CONVERSION = YES;
				CLANG_WARN_DEPRECATED_OBJC_IMPLEMENTATIONS = YES;
				CLANG_WARN_DIRECT_OBJC_ISA_USAGE = YES_ERROR;
				CLANG_WARN_DOCUMENTATION_COMMENTS = YES;
				CLANG_WARN_EMPTY_BODY = YES;
				CLANG_WARN_ENUM_CONVERSION = YES;
				CLANG_WARN_INFINITE_RECURSION = YES;
				CLANG_WARN_INT_CONVERSION = YES;
				CLANG_WARN_NON_LITERAL_NULL_CONVERSION = YES;
				CLANG_WARN_OBJC_IMPLICIT_RETAIN_SELF = YES;
				CLANG_WARN_OBJC_LITERAL_CONVERSION = YES;
				CLANG_WARN_OBJC_ROOT_CLASS = YES_ERROR;
				CLANG_WARN_RANGE_LOOP_ANALYSIS = YES;
				CLANG_WARN_STRICT_PROTOTYPES = YES;
				CLANG_WARN_SUSPICIOUS_MOVE = YES;
				CLANG_WARN_UNGUARDED_AVAILABILITY = YES_AGGRESSIVE;
				CLANG_WARN_UNREACHABLE_CODE = YES;
				CLANG_WARN__DUPLICATE_METHOD_MATCH = YES;
				CODE_SIGN_IDENTITY = "iPhone Developer";
				COPY_PHASE_STRIP = NO;
				DEBUG_INFORMATION_FORMAT = "dwarf-with-dsym";
				ENABLE_NS_ASSERTIONS = NO;
				ENABLE_STRICT_OBJC_MSGSEND = YES;
				GCC_C_LANGUAGE_STANDARD = gnu11;
				GCC_NO_COMMON_BLOCKS = YES;
				GCC_WARN_64_TO_32_BIT_CONVERSION = YES;
				GCC_WARN_ABOUT_RETURN_TYPE = YES_ERROR;
				GCC_WARN_UNDECLARED_SELECTOR = YES;
				GCC_WARN_UNINITIALIZED_AUTOS = YES_AGGRESSIVE;
				GCC_WARN_UNUSED_FUNCTION = YES;
				GCC_WARN_UNUSED_VARIABLE = YES;
				IPHONEOS_DEPLOYMENT_TARGET = 12.4;
				MTL_ENABLE_DEBUG_INFO = NO;
				MTL_FAST_MATH = YES;
				SDKROOT = iphoneos;
				SWIFT_COMPILATION_MODE = wholemodule;
				SWIFT_OPTIMIZATION_LEVEL = "-O";
				VALIDATE_PRODUCT = YES;
			};
			name = Release;
		};
		FD375C9423712B16000194FC /* Debug */ = {
			isa = XCBuildConfiguration;
			baseConfigurationReference = B2593AD8825134F1F823BCC0 /* Pods-M.K.P.D-Mandawala-COBSCCOMP181P029.debug.xcconfig */;
			buildSettings = {
				ASSETCATALOG_COMPILER_APPICON_NAME = AppIcon;
				CODE_SIGN_STYLE = Automatic;
				INFOPLIST_FILE = "M.K.P.D-Mandawala-COBSCCOMP181P029/Info.plist";
				LD_RUNPATH_SEARCH_PATHS = (
					"$(inherited)",
					"@executable_path/Frameworks",
				);
				PRODUCT_BUNDLE_IDENTIFIER = "com.panduxcv.M-K-P-D-Mandawala-COBSCCOMP181P029";
				PRODUCT_NAME = "$(TARGET_NAME)";
				SWIFT_VERSION = 5.0;
				TARGETED_DEVICE_FAMILY = "1,2";
			};
			name = Debug;
		};
		FD375C9523712B16000194FC /* Release */ = {
			isa = XCBuildConfiguration;
			baseConfigurationReference = 09C6CE19C91B0C7989D2C665 /* Pods-M.K.P.D-Mandawala-COBSCCOMP181P029.release.xcconfig */;
			buildSettings = {
				ASSETCATALOG_COMPILER_APPICON_NAME = AppIcon;
				CODE_SIGN_STYLE = Automatic;
				INFOPLIST_FILE = "M.K.P.D-Mandawala-COBSCCOMP181P029/Info.plist";
				LD_RUNPATH_SEARCH_PATHS = (
					"$(inherited)",
					"@executable_path/Frameworks",
				);
				PRODUCT_BUNDLE_IDENTIFIER = "com.panduxcv.M-K-P-D-Mandawala-COBSCCOMP181P029";
				PRODUCT_NAME = "$(TARGET_NAME)";
				SWIFT_VERSION = 5.0;
				TARGETED_DEVICE_FAMILY = "1,2";
			};
			name = Release;
		};
		FD375C9723712B16000194FC /* Debug */ = {
			isa = XCBuildConfiguration;
			baseConfigurationReference = 761B1D1CB1AFC2D58FC9D432 /* Pods-M.K.P.D-Mandawala-COBSCCOMP181P029Tests.debug.xcconfig */;
			buildSettings = {
				ALWAYS_EMBED_SWIFT_STANDARD_LIBRARIES = YES;
				BUNDLE_LOADER = "$(TEST_HOST)";
				CODE_SIGN_STYLE = Automatic;
				INFOPLIST_FILE = "M.K.P.D-Mandawala-COBSCCOMP181P029Tests/Info.plist";
				LD_RUNPATH_SEARCH_PATHS = (
					"$(inherited)",
					"@executable_path/Frameworks",
					"@loader_path/Frameworks",
				);
				PRODUCT_BUNDLE_IDENTIFIER = "com.panduxcv.M-K-P-D-Mandawala-COBSCCOMP181P029Tests";
				PRODUCT_NAME = "$(TARGET_NAME)";
				SWIFT_VERSION = 5.0;
				TARGETED_DEVICE_FAMILY = "1,2";
				TEST_HOST = "$(BUILT_PRODUCTS_DIR)/M.K.P.D-Mandawala-COBSCCOMP181P029.app/M.K.P.D-Mandawala-COBSCCOMP181P029";
			};
			name = Debug;
		};
		FD375C9823712B16000194FC /* Release */ = {
			isa = XCBuildConfiguration;
			baseConfigurationReference = 71DEBBFE53D19CE4B9C2A395 /* Pods-M.K.P.D-Mandawala-COBSCCOMP181P029Tests.release.xcconfig */;
			buildSettings = {
				ALWAYS_EMBED_SWIFT_STANDARD_LIBRARIES = YES;
				BUNDLE_LOADER = "$(TEST_HOST)";
				CODE_SIGN_STYLE = Automatic;
				INFOPLIST_FILE = "M.K.P.D-Mandawala-COBSCCOMP181P029Tests/Info.plist";
				LD_RUNPATH_SEARCH_PATHS = (
					"$(inherited)",
					"@executable_path/Frameworks",
					"@loader_path/Frameworks",
				);
				PRODUCT_BUNDLE_IDENTIFIER = "com.panduxcv.M-K-P-D-Mandawala-COBSCCOMP181P029Tests";
				PRODUCT_NAME = "$(TARGET_NAME)";
				SWIFT_VERSION = 5.0;
				TARGETED_DEVICE_FAMILY = "1,2";
				TEST_HOST = "$(BUILT_PRODUCTS_DIR)/M.K.P.D-Mandawala-COBSCCOMP181P029.app/M.K.P.D-Mandawala-COBSCCOMP181P029";
			};
			name = Release;
		};
		FD375C9A23712B16000194FC /* Debug */ = {
			isa = XCBuildConfiguration;
			baseConfigurationReference = DA8522DBE9F52BE012067BF4 /* Pods-M.K.P.D-Mandawala-COBSCCOMP181P029-M.K.P.D-Mandawala-COBSCCOMP181P029UITests.debug.xcconfig */;
			buildSettings = {
				ALWAYS_EMBED_SWIFT_STANDARD_LIBRARIES = YES;
				CODE_SIGN_STYLE = Automatic;
				INFOPLIST_FILE = "M.K.P.D-Mandawala-COBSCCOMP181P029UITests/Info.plist";
				LD_RUNPATH_SEARCH_PATHS = (
					"$(inherited)",
					"@executable_path/Frameworks",
					"@loader_path/Frameworks",
				);
				PRODUCT_BUNDLE_IDENTIFIER = "com.panduxcv.M-K-P-D-Mandawala-COBSCCOMP181P029UITests";
				PRODUCT_NAME = "$(TARGET_NAME)";
				SWIFT_VERSION = 5.0;
				TARGETED_DEVICE_FAMILY = "1,2";
				TEST_TARGET_NAME = "M.K.P.D-Mandawala-COBSCCOMP181P029";
			};
			name = Debug;
		};
		FD375C9B23712B16000194FC /* Release */ = {
			isa = XCBuildConfiguration;
			baseConfigurationReference = A0FA949ABE38CF3D31F176B3 /* Pods-M.K.P.D-Mandawala-COBSCCOMP181P029-M.K.P.D-Mandawala-COBSCCOMP181P029UITests.release.xcconfig */;
			buildSettings = {
				ALWAYS_EMBED_SWIFT_STANDARD_LIBRARIES = YES;
				CODE_SIGN_STYLE = Automatic;
				INFOPLIST_FILE = "M.K.P.D-Mandawala-COBSCCOMP181P029UITests/Info.plist";
				LD_RUNPATH_SEARCH_PATHS = (
					"$(inherited)",
					"@executable_path/Frameworks",
					"@loader_path/Frameworks",
				);
				PRODUCT_BUNDLE_IDENTIFIER = "com.panduxcv.M-K-P-D-Mandawala-COBSCCOMP181P029UITests";
				PRODUCT_NAME = "$(TARGET_NAME)";
				SWIFT_VERSION = 5.0;
				TARGETED_DEVICE_FAMILY = "1,2";
				TEST_TARGET_NAME = "M.K.P.D-Mandawala-COBSCCOMP181P029";
			};
			name = Release;
		};
/* End XCBuildConfiguration section */

/* Begin XCConfigurationList section */
		FD375C6323712B15000194FC /* Build configuration list for PBXProject "M.K.P.D-Mandawala-COBSCCOMP181P029" */ = {
			isa = XCConfigurationList;
			buildConfigurations = (
				FD375C9123712B16000194FC /* Debug */,
				FD375C9223712B16000194FC /* Release */,
			);
			defaultConfigurationIsVisible = 0;
			defaultConfigurationName = Release;
		};
		FD375C9323712B16000194FC /* Build configuration list for PBXNativeTarget "M.K.P.D-Mandawala-COBSCCOMP181P029" */ = {
			isa = XCConfigurationList;
			buildConfigurations = (
				FD375C9423712B16000194FC /* Debug */,
				FD375C9523712B16000194FC /* Release */,
			);
			defaultConfigurationIsVisible = 0;
			defaultConfigurationName = Release;
		};
		FD375C9623712B16000194FC /* Build configuration list for PBXNativeTarget "M.K.P.D-Mandawala-COBSCCOMP181P029Tests" */ = {
			isa = XCConfigurationList;
			buildConfigurations = (
				FD375C9723712B16000194FC /* Debug */,
				FD375C9823712B16000194FC /* Release */,
			);
			defaultConfigurationIsVisible = 0;
			defaultConfigurationName = Release;
		};
		FD375C9923712B16000194FC /* Build configuration list for PBXNativeTarget "M.K.P.D-Mandawala-COBSCCOMP181P029UITests" */ = {
			isa = XCConfigurationList;
			buildConfigurations = (
				FD375C9A23712B16000194FC /* Debug */,
				FD375C9B23712B16000194FC /* Release */,
			);
			defaultConfigurationIsVisible = 0;
			defaultConfigurationName = Release;
		};
/* End XCConfigurationList section */

/* Begin XCVersionGroup section */
		FD375C7223712B15000194FC /* M_K_P_D_Mandawala_COBSCCOMP181P029.xcdatamodeld */ = {
			isa = XCVersionGroup;
			children = (
				FD375C7323712B15000194FC /* M_K_P_D_Mandawala_COBSCCOMP181P029.xcdatamodel */,
			);
			currentVersion = FD375C7323712B15000194FC /* M_K_P_D_Mandawala_COBSCCOMP181P029.xcdatamodel */;
			path = M_K_P_D_Mandawala_COBSCCOMP181P029.xcdatamodeld;
			sourceTree = "<group>";
			versionGroupType = wrapper.xcdatamodel;
		};
/* End XCVersionGroup section */
	};
	rootObject = FD375C6023712B15000194FC /* Project object */;
}
